
Microsoft Visual Studio Solution File, Format Version 12.00
# Visual Studio Version 16
VisualStudioVersion = 16.0.32228.343
MinimumVisualStudioVersion = 10.0.40219.1
Project("{FAE04EC0-301F-11D3-BF4B-00C04F79EFBC}") = "Exercises1-5_Strings_Numbers_Console", "Exercises1-5_Strings_Numbers_Console\Exercises1-5_Strings_Numbers_Console.csproj", "{ABB3A272-C349-48B1-9FBB-8B751B349473}"
EndProject
Global
	GlobalSection(SolutionConfigurationPlatforms) = preSolution
		Debug|Any CPU = Debug|Any CPU
		Release|Any CPU = Release|Any CPU
	EndGlobalSection
	GlobalSection(ProjectConfigurationPlatforms) = postSolution
		{ABB3A272-C349-48B1-9FBB-8B751B349473}.Debug|Any CPU.ActiveCfg = Debug|Any CPU
		{ABB3A272-C349-48B1-9FBB-8B751B349473}.Debug|Any CPU.Build.0 = Debug|Any CPU
		{ABB3A272-C349-48B1-9FBB-8B751B349473}.Release|Any CPU.ActiveCfg = Release|Any CPU
		{ABB3A272-C349-48B1-9FBB-8B751B349473}.Release|Any CPU.Build.0 = Release|Any CPU
	EndGlobalSection
	GlobalSection(SolutionProperties) = preSolution
		HideSolutionNode = FALSE
	EndGlobalSection
	GlobalSection(ExtensibilityGlobals) = postSolution
		SolutionGuid = {20846066-4D3B-4FD8-8628-048D3D0CD756}
	EndGlobalSection
EndGlobal
